
Microsoft Visual Studio Solution File, Format Version 12.00
# Visual Studio Version 17
VisualStudioVersion = 17.14.37531.7 d17.14
MinimumVisualStudioVersion = 10.0.40219.1
Project("{FAE04EC0-301F-11D3-BF4B-00C04F79EFBC}") = "NoCodeMotion", "NoCodeMotion.csproj", "{F90AAF19-B510-E90E-7D12-5F7B42E778B5}"
EndProject
Global
	GlobalSection(SolutionConfigurationPlatforms) = preSolution
		Debug|Any CPU = Debug|Any CPU
		Release|Any CPU = Release|Any CPU
	EndGlobalSection
	GlobalSection(ProjectConfigurationPlatforms) = postSolution
		{F90AAF19-B510-E90E-7D12-5F7B42E778B5}.Debug|Any CPU.ActiveCfg = Debug|Any CPU
		{F90AAF19-B510-E90E-7D12-5F7B42E778B5}.Debug|Any CPU.Build.0 = Debug|Any CPU
		{F90AAF19-B510-E90E-7D12-5F7B42E778B5}.Release|Any CPU.ActiveCfg = Release|Any CPU
		{F90AAF19-B510-E90E-7D12-5F7B42E778B5}.Release|Any CPU.Build.0 = Release|Any CPU
	EndGlobalSection
	GlobalSection(SolutionProperties) = preSolution
		HideSolutionNode = FALSE
	EndGlobalSection
	GlobalSection(ExtensibilityGlobals) = postSolution
		SolutionGuid = {3859DC32-30AF-48AA-913D-1430C5C24896}
	EndGlobalSection
EndGlobal
